
Microsoft Visual Studio Solution File, Format Version 12.00
# Visual Studio Version 17
VisualStudioVersion = 17.3.32901.215
MinimumVisualStudioVersion = 10.0.40219.1
Project("{FAE04EC0-301F-11D3-BF4B-00C04F79EFBC}") = "SmoothSentences", "SmoothSentences\SmoothSentences.csproj", "{70D13E42-0B4F-49F6-9EC2-F018F1E1106A}"
EndProject
Global
	GlobalSection(SolutionConfigurationPlatforms) = preSolution
		Debug|Any CPU = Debug|Any CPU
		Release|Any CPU = Release|Any CPU
	EndGlobalSection
	GlobalSection(ProjectConfigurationPlatforms) = postSolution
		{70D13E42-0B4F-49F6-9EC2-F018F1E1106A}.Debug|Any CPU.ActiveCfg = Debug|Any CPU
		{70D13E42-0B4F-49F6-9EC2-F018F1E1106A}.Debug|Any CPU.Build.0 = Debug|Any CPU
		{70D13E42-0B4F-49F6-9EC2-F018F1E1106A}.Release|Any CPU.ActiveCfg = Release|Any CPU
		{70D13E42-0B4F-49F6-9EC2-F018F1E1106A}.Release|Any CPU.Build.0 = Release|Any CPU
	EndGlobalSection
	GlobalSection(SolutionProperties) = preSolution
		HideSolutionNode = FALSE
	EndGlobalSection
	GlobalSection(ExtensibilityGlobals) = postSolution
		SolutionGuid = {0071E9CC-03CE-480B-9183-B85A29E878DD}
	EndGlobalSection
EndGlobal
